
Microsoft Visual Studio Solution File, Format Version 12.00
# Visual Studio Version 18
VisualStudioVersion = 18.0.11222.15
MinimumVisualStudioVersion = 10.0.40219.1
Project("{2150E333-8FDC-42A3-9474-1A3956D46DE8}") = "services", "services", "{5854FF58-B8C5-05C6-5BF2-ACE42193F22B}"
EndProject
Project("{FAE04EC0-301F-11D3-BF4B-00C04F79EFBC}") = "DeckBrew.Mobile", "apps\mobile-maui\DeckBrew.Mobile\DeckBrew.Mobile.csproj", "{99070493-5ECB-417F-B72C-255E575A6FCB}"
EndProject
Project("{2150E333-8FDC-42A3-9474-1A3956D46DE8}") = "Apps", "Apps", "{4FF6073C-D0A8-4EF6-98DA-A9A6361275F1}"
EndProject
Project("{2150E333-8FDC-42A3-9474-1A3956D46DE8}") = "Elementos de la solución", "Elementos de la solución", "{8058BC02-A331-4417-8590-FDFA79928921}"
	ProjectSection(SolutionItems) = preProject
		README.md = README.md
	EndProjectSection
EndProject
Project("{FAE04EC0-301F-11D3-BF4B-00C04F79EFBC}") = "DeckBrew.Api", "src\DeckBrew.Api\DeckBrew.Api.csproj", "{5BA55CD2-4F10-E1B7-4707-4172DE329B0B}"
EndProject
Project("{FAE04EC0-301F-11D3-BF4B-00C04F79EFBC}") = "DeckBrew.Application", "src\DeckBrew.Application\DeckBrew.Application.csproj", "{73F576D9-8CB8-54F8-CDE1-445351451515}"
EndProject
Project("{FAE04EC0-301F-11D3-BF4B-00C04F79EFBC}") = "DeckBrew.Domain", "src\DeckBrew.Domain\DeckBrew.Domain.csproj", "{8A8238FE-F362-C016-1E61-AB5F22895789}"
EndProject
Project("{FAE04EC0-301F-11D3-BF4B-00C04F79EFBC}") = "DeckBrew.Infrastructure", "src\DeckBrew.Infrastructure\DeckBrew.Infrastructure.csproj", "{4A331A8D-59F5-9FCF-7466-37F8E451CBED}"
EndProject
Project("{FAE04EC0-301F-11D3-BF4B-00C04F79EFBC}") = "DeckBrew.Contracts", "src\DeckBrew.Contracts\DeckBrew.Contracts.csproj", "{93A21B1B-8EB5-0B04-68FF-FB45FDE6B035}"
EndProject
Global
	GlobalSection(SolutionConfigurationPlatforms) = preSolution
		Debug|Any CPU = Debug|Any CPU
		Debug|x64 = Debug|x64
		Debug|x86 = Debug|x86
		Release|Any CPU = Release|Any CPU
		Release|x64 = Release|x64
		Release|x86 = Release|x86
	EndGlobalSection
	GlobalSection(ProjectConfigurationPlatforms) = postSolution
		{99070493-5ECB-417F-B72C-255E575A6FCB}.Debug|Any CPU.ActiveCfg = Debug|Any CPU
		{99070493-5ECB-417F-B72C-255E575A6FCB}.Debug|Any CPU.Build.0 = Debug|Any CPU
		{99070493-5ECB-417F-B72C-255E575A6FCB}.Debug|x64.ActiveCfg = Debug|Any CPU
		{99070493-5ECB-417F-B72C-255E575A6FCB}.Debug|x64.Build.0 = Debug|Any CPU
		{99070493-5ECB-417F-B72C-255E575A6FCB}.Debug|x86.ActiveCfg = Debug|Any CPU
		{99070493-5ECB-417F-B72C-255E575A6FCB}.Debug|x86.Build.0 = Debug|Any CPU
		{99070493-5ECB-417F-B72C-255E575A6FCB}.Release|Any CPU.ActiveCfg = Release|Any CPU
		{99070493-5ECB-417F-B72C-255E575A6FCB}.Release|Any CPU.Build.0 = Release|Any CPU
		{99070493-5ECB-417F-B72C-255E575A6FCB}.Release|x64.ActiveCfg = Release|Any CPU
		{99070493-5ECB-417F-B72C-255E575A6FCB}.Release|x64.Build.0 = Release|Any CPU
		{99070493-5ECB-417F-B72C-255E575A6FCB}.Release|x86.ActiveCfg = Release|Any CPU
		{99070493-5ECB-417F-B72C-255E575A6FCB}.Release|x86.Build.0 = Release|Any CPU
		{5BA55CD2-4F10-E1B7-4707-4172DE329B0B}.Debug|Any CPU.ActiveCfg = Debug|Any CPU
		{5BA55CD2-4F10-E1B7-4707-4172DE329B0B}.Debug|Any CPU.Build.0 = Debug|Any CPU
		{5BA55CD2-4F10-E1B7-4707-4172DE329B0B}.Debug|x64.ActiveCfg = Debug|Any CPU
		{5BA55CD2-4F10-E1B7-4707-4172DE329B0B}.Debug|x64.Build.0 = Debug|Any CPU
		{5BA55CD2-4F10-E1B7-4707-4172DE329B0B}.Debug|x86.ActiveCfg = Debug|Any CPU
		{5BA55CD2-4F10-E1B7-4707-4172DE329B0B}.Debug|x86.Build.0 = Debug|Any CPU
		{5BA55CD2-4F10-E1B7-4707-4172DE329B0B}.Release|Any CPU.ActiveCfg = Release|Any CPU
		{5BA55CD2-4F10-E1B7-4707-4172DE329B0B}.Release|Any CPU.Build.0 = Release|Any CPU
		{5BA55CD2-4F10-E1B7-4707-4172DE329B0B}.Release|x64.ActiveCfg = Release|Any CPU
		{5BA55CD2-4F10-E1B7-4707-4172DE329B0B}.Release|x64.Build.0 = Release|Any CPU
		{5BA55CD2-4F10-E1B7-4707-4172DE329B0B}.Release|x86.ActiveCfg = Release|Any CPU
		{5BA55CD2-4F10-E1B7-4707-4172DE329B0B}.Release|x86.Build.0 = Release|Any CPU
		{73F576D9-8CB8-54F8-CDE1-445351451515}.Debug|Any CPU.ActiveCfg = Debug|Any CPU
		{73F576D9-8CB8-54F8-CDE1-445351451515}.Debug|Any CPU.Build.0 = Debug|Any CPU
		{73F576D9-8CB8-54F8-CDE1-445351451515}.Debug|x64.ActiveCfg = Debug|Any CPU
		{73F576D9-8CB8-54F8-CDE1-445351451515}.Debug|x64.Build.0 = Debug|Any CPU
		{73F576D9-8CB8-54F8-CDE1-445351451515}.Debug|x86.ActiveCfg = Debug|Any CPU
		{73F576D9-8CB8-54F8-CDE1-445351451515}.Debug|x86.Build.0 = Debug|Any CPU
		{73F576D9-8CB8-54F8-CDE1-445351451515}.Release|Any CPU.ActiveCfg = Release|Any CPU
		{73F576D9-8CB8-54F8-CDE1-445351451515}.Release|Any CPU.Build.0 = Release|Any CPU
		{73F576D9-8CB8-54F8-CDE1-445351451515}.Release|x64.ActiveCfg = Release|Any CPU
		{73F576D9-8CB8-54F8-CDE1-445351451515}.Release|x64.Build.0 = Release|Any CPU
		{73F576D9-8CB8-54F8-CDE1-445351451515}.Release|x86.ActiveCfg = Release|Any CPU
		{73F576D9-8CB8-54F8-CDE1-445351451515}.Release|x86.Build.0 = Release|Any CPU
		{8A8238FE-F362-C016-1E61-AB5F22895789}.Debug|Any CPU.ActiveCfg = Debug|Any CPU
		{8A8238FE-F362-C016-1E61-AB5F22895789}.Debug|Any CPU.Build.0 = Debug|Any CPU
		{8A8238FE-F362-C016-1E61-AB5F22895789}.Debug|x64.ActiveCfg = Debug|Any CPU
		{8A8238FE-F362-C016-1E61-AB5F22895789}.Debug|x64.Build.0 = Debug|Any CPU
		{8A8238FE-F362-C016-1E61-AB5F22895789}.Debug|x86.ActiveCfg = Debug|Any CPU
		{8A8238FE-F362-C016-1E61-AB5F22895789}.Debug|x86.Build.0 = Debug|Any CPU
		{8A8238FE-F362-C016-1E61-AB5F22895789}.Release|Any CPU.ActiveCfg = Release|Any CPU
		{8A8238FE-F362-C016-1E61-AB5F22895789}.Release|Any CPU.Build.0 = Release|Any CPU
		{8A8238FE-F362-C016-1E61-AB5F22895789}.Release|x64.ActiveCfg = Release|Any CPU
		{8A8238FE-F362-C016-1E61-AB5F22895789}.Release|x64.Build.0 = Release|Any CPU
		{8A8238FE-F362-C016-1E61-AB5F22895789}.Release|x86.ActiveCfg = Release|Any CPU
		{8A8238FE-F362-C016-1E61-AB5F22895789}.Release|x86.Build.0 = Release|Any CPU
		{4A331A8D-59F5-9FCF-7466-37F8E451CBED}.Debug|Any CPU.ActiveCfg = Debug|Any CPU
		{4A331A8D-59F5-9FCF-7466-37F8E451CBED}.Debug|Any CPU.Build.0 = Debug|Any CPU
		{4A331A8D-59F5-9FCF-7466-37F8E451CBED}.Debug|x64.ActiveCfg = Debug|Any CPU
		{4A331A8D-59F5-9FCF-7466-37F8E451CBED}.Debug|x64.Build.0 = Debug|Any CPU
		{4A331A8D-59F5-9FCF-7466-37F8E451CBED}.Debug|x86.ActiveCfg = Debug|Any CPU
		{4A331A8D-59F5-9FCF-7466-37F8E451CBED}.Debug|x86.Build.0 = Debug|Any CPU
		{4A331A8D-59F5-9FCF-7466-37F8E451CBED}.Release|Any CPU.ActiveCfg = Release|Any CPU
		{4A331A8D-59F5-9FCF-7466-37F8E451CBED}.Release|Any CPU.Build.0 = Release|Any CPU
		{4A331A8D-59F5-9FCF-7466-37F8E451CBED}.Release|x64.ActiveCfg = Release|Any CPU
		{4A331A8D-59F5-9FCF-7466-37F8E451CBED}.Release|x64.Build.0 = Release|Any CPU
		{4A331A8D-59F5-9FCF-7466-37F8E451CBED}.Release|x86.ActiveCfg = Release|Any CPU
		{4A331A8D-59F5-9FCF-7466-37F8E451CBED}.Release|x86.Build.0 = Release|Any CPU
		{93A21B1B-8EB5-0B04-68FF-FB45FDE6B035}.Debug|Any CPU.ActiveCfg = Debug|Any CPU
		{93A21B1B-8EB5-0B04-68FF-FB45FDE6B035}.Debug|Any CPU.Build.0 = Debug|Any CPU
		{93A21B1B-8EB5-0B04-68FF-FB45FDE6B035}.Debug|x64.ActiveCfg = Debug|Any CPU
		{93A21B1B-8EB5-0B04-68FF-FB45FDE6B035}.Debug|x64.Build.0 = Debug|Any CPU
		{93A21B1B-8EB5-0B04-68FF-FB45FDE6B035}.Debug|x86.ActiveCfg = Debug|Any CPU
		{93A21B1B-8EB5-0B04-68FF-FB45FDE6B035}.Debug|x86.Build.0 = Debug|Any CPU
		{93A21B1B-8EB5-0B04-68FF-FB45FDE6B035}.Release|Any CPU.ActiveCfg = Release|Any CPU
		{93A21B1B-8EB5-0B04-68FF-FB45FDE6B035}.Release|Any CPU.Build.0 = Release|Any CPU
		{93A21B1B-8EB5-0B04-68FF-FB45FDE6B035}.Release|x64.ActiveCfg = Release|Any CPU
		{93A21B1B-8EB5-0B04-68FF-FB45FDE6B035}.Release|x64.Build.0 = Release|Any CPU
		{93A21B1B-8EB5-0B04-68FF-FB45FDE6B035}.Release|x86.ActiveCfg = Release|Any CPU
		{93A21B1B-8EB5-0B04-68FF-FB45FDE6B035}.Release|x86.Build.0 = Release|Any CPU
	EndGlobalSection
	GlobalSection(SolutionProperties) = preSolution
		HideSolutionNode = FALSE
	EndGlobalSection
	GlobalSection(NestedProjects) = preSolution
		{99070493-5ECB-417F-B72C-255E575A6FCB} = {4FF6073C-D0A8-4EF6-98DA-A9A6361275F1}
		{5BA55CD2-4F10-E1B7-4707-4172DE329B0B} = {5854FF58-B8C5-05C6-5BF2-ACE42193F22B}
		{73F576D9-8CB8-54F8-CDE1-445351451515} = {5854FF58-B8C5-05C6-5BF2-ACE42193F22B}
		{8A8238FE-F362-C016-1E61-AB5F22895789} = {5854FF58-B8C5-05C6-5BF2-ACE42193F22B}
		{4A331A8D-59F5-9FCF-7466-37F8E451CBED} = {5854FF58-B8C5-05C6-5BF2-ACE42193F22B}
		{93A21B1B-8EB5-0B04-68FF-FB45FDE6B035} = {5854FF58-B8C5-05C6-5BF2-ACE42193F22B}
	EndGlobalSection
	GlobalSection(ExtensibilityGlobals) = postSolution
		SolutionGuid = {995723F5-E730-484C-9511-19AAABBCCE48}
	EndGlobalSection
EndGlobal
